
Microsoft Visual Studio Solution File, Format Version 12.00
# Visual Studio Version 17
VisualStudioVersion = 17.1.32319.34
MinimumVisualStudioVersion = 10.0.40219.1
Project("{FAE04EC0-301F-11D3-BF4B-00C04F79EFBC}") = "Exerc", "Exerc.csproj", "{9F113E00-E587-456F-9D02-3C3B4161E1CE}"
EndProject
Global
	GlobalSection(SolutionConfigurationPlatforms) = preSolution
		Debug|Any CPU = Debug|Any CPU
		Release|Any CPU = Release|Any CPU
	EndGlobalSection
	GlobalSection(ProjectConfigurationPlatforms) = postSolution
		{9F113E00-E587-456F-9D02-3C3B4161E1CE}.Debug|Any CPU.ActiveCfg = Debug|Any CPU
		{9F113E00-E587-456F-9D02-3C3B4161E1CE}.Debug|Any CPU.Build.0 = Debug|Any CPU
		{9F113E00-E587-456F-9D02-3C3B4161E1CE}.Release|Any CPU.ActiveCfg = Release|Any CPU
		{9F113E00-E587-456F-9D02-3C3B4161E1CE}.Release|Any CPU.Build.0 = Release|Any CPU
	EndGlobalSection
	GlobalSection(SolutionProperties) = preSolution
		HideSolutionNode = FALSE
	EndGlobalSection
	GlobalSection(ExtensibilityGlobals) = postSolution
		SolutionGuid = {22C02358-E648-4F46-B5B2-158C13385301}
	EndGlobalSection
EndGlobal
